// !$*UTF8*$!
{
	archiveVersion = 1;
	classes = {
	};
	objectVersion = 56;
	objects = {

/* Begin PBXBuildFile section */
		412973492BC6FA88007277A3 /* GoogleService-Info.plist in Resources */ = {isa = PBXBuildFile; fileRef = 412973482BC6FA88007277A3 /* GoogleService-Info.plist */; };
		41B0070B2B74F3B4007B84BC /* FirebaseAnalytics in Frameworks */ = {isa = PBXBuildFile; productRef = 41B0070A2B74F3B4007B84BC /* FirebaseAnalytics */; };
		41B0070D2B74F3B4007B84BC /* FirebaseAnalyticsOnDeviceConversion in Frameworks */ = {isa = PBXBuildFile; productRef = 41B0070C2B74F3B4007B84BC /* FirebaseAnalyticsOnDeviceConversion */; };
		41B0070F2B74F3B4007B84BC /* FirebaseAnalyticsSwift in Frameworks */ = {isa = PBXBuildFile; productRef = 41B0070E2B74F3B4007B84BC /* FirebaseAnalyticsSwift */; };
		41B007112B74F3B4007B84BC /* FirebaseAnalyticsWithoutAdIdSupport in Frameworks */ = {isa = PBXBuildFile; productRef = 41B007102B74F3B4007B84BC /* FirebaseAnalyticsWithoutAdIdSupport */; };
		41B007132B74F3B4007B84BC /* FirebaseAppCheck in Frameworks */ = {isa = PBXBuildFile; productRef = 41B007122B74F3B4007B84BC /* FirebaseAppCheck */; };
		41B007152B74F3B4007B84BC /* FirebaseAppDistribution-Beta in Frameworks */ = {isa = PBXBuildFile; productRef = 41B007142B74F3B4007B84BC /* FirebaseAppDistribution-Beta */; };
		41B007172B74F3B4007B84BC /* FirebaseAuth in Frameworks */ = {isa = PBXBuildFile; productRef = 41B007162B74F3B4007B84BC /* FirebaseAuth */; };
		41B007192B74F3B4007B84BC /* FirebaseAuthCombine-Community in Frameworks */ = {isa = PBXBuildFile; productRef = 41B007182B74F3B4007B84BC /* FirebaseAuthCombine-Community */; };
		41B0071B2B74F3B4007B84BC /* FirebaseCrashlytics in Frameworks */ = {isa = PBXBuildFile; productRef = 41B0071A2B74F3B4007B84BC /* FirebaseCrashlytics */; };
		41B0071D2B74F3B4007B84BC /* FirebaseDatabase in Frameworks */ = {isa = PBXBuildFile; productRef = 41B0071C2B74F3B4007B84BC /* FirebaseDatabase */; };
		41B0071F2B74F3B4007B84BC /* FirebaseDatabaseSwift in Frameworks */ = {isa = PBXBuildFile; productRef = 41B0071E2B74F3B4007B84BC /* FirebaseDatabaseSwift */; };
		41B007212B74F3B4007B84BC /* FirebaseDynamicLinks in Frameworks */ = {isa = PBXBuildFile; productRef = 41B007202B74F3B4007B84BC /* FirebaseDynamicLinks */; };
		41B007232B74F3B4007B84BC /* FirebaseFirestore in Frameworks */ = {isa = PBXBuildFile; productRef = 41B007222B74F3B4007B84BC /* FirebaseFirestore */; };
		41B007252B74F3B4007B84BC /* FirebaseFirestoreCombine-Community in Frameworks */ = {isa = PBXBuildFile; productRef = 41B007242B74F3B4007B84BC /* FirebaseFirestoreCombine-Community */; };
		41B007272B74F3B4007B84BC /* FirebaseFirestoreSwift in Frameworks */ = {isa = PBXBuildFile; productRef = 41B007262B74F3B4007B84BC /* FirebaseFirestoreSwift */; };
		41B007292B74F3B4007B84BC /* FirebaseFunctions in Frameworks */ = {isa = PBXBuildFile; productRef = 41B007282B74F3B4007B84BC /* FirebaseFunctions */; };
		41B0072B2B74F3B4007B84BC /* FirebaseFunctionsCombine-Community in Frameworks */ = {isa = PBXBuildFile; productRef = 41B0072A2B74F3B4007B84BC /* FirebaseFunctionsCombine-Community */; };
		41B0072D2B74F3B4007B84BC /* FirebaseInAppMessaging-Beta in Frameworks */ = {isa = PBXBuildFile; productRef = 41B0072C2B74F3B4007B84BC /* FirebaseInAppMessaging-Beta */; };
		41B0072F2B74F3B4007B84BC /* FirebaseInAppMessagingSwift-Beta in Frameworks */ = {isa = PBXBuildFile; productRef = 41B0072E2B74F3B4007B84BC /* FirebaseInAppMessagingSwift-Beta */; };
		41B007312B74F3B4007B84BC /* FirebaseInstallations in Frameworks */ = {isa = PBXBuildFile; productRef = 41B007302B74F3B4007B84BC /* FirebaseInstallations */; };
		41B007332B74F3B4007B84BC /* FirebaseMLModelDownloader in Frameworks */ = {isa = PBXBuildFile; productRef = 41B007322B74F3B4007B84BC /* FirebaseMLModelDownloader */; };
		41B007352B74F3B4007B84BC /* FirebaseMessaging in Frameworks */ = {isa = PBXBuildFile; productRef = 41B007342B74F3B4007B84BC /* FirebaseMessaging */; };
		41B007372B74F3B4007B84BC /* FirebasePerformance in Frameworks */ = {isa = PBXBuildFile; productRef = 41B007362B74F3B4007B84BC /* FirebasePerformance */; };
		41B007392B74F3B4007B84BC /* FirebaseRemoteConfig in Frameworks */ = {isa = PBXBuildFile; productRef = 41B007382B74F3B4007B84BC /* FirebaseRemoteConfig */; };
		41B0073B2B74F3B4007B84BC /* FirebaseRemoteConfigSwift in Frameworks */ = {isa = PBXBuildFile; productRef = 41B0073A2B74F3B4007B84BC /* FirebaseRemoteConfigSwift */; };
		41B0073D2B74F3B4007B84BC /* FirebaseStorage in Frameworks */ = {isa = PBXBuildFile; productRef = 41B0073C2B74F3B4007B84BC /* FirebaseStorage */; };
		41B0073F2B74F3B4007B84BC /* FirebaseStorageCombine-Community in Frameworks */ = {isa = PBXBuildFile; productRef = 41B0073E2B74F3B4007B84BC /* FirebaseStorageCombine-Community */; };
		41E363AD2BFE6FA80008DD5F /* Zip in Frameworks */ = {isa = PBXBuildFile; productRef = 41E363AC2BFE6FA80008DD5F /* Zip */; };
		FF90D2BD29BD537A0078B694 /* SceneDelegate.swift in Sources */ = {isa = PBXBuildFile; fileRef = FF90D2BC29BD537A0078B694 /* SceneDelegate.swift */; };
		FFF4857029AD828F0030EDBB /* AppDelegate.swift in Sources */ = {isa = PBXBuildFile; fileRef = FFF4856F29AD828F0030EDBB /* AppDelegate.swift */; };
		FFF4857429AD828F0030EDBB /* ViewController.swift in Sources */ = {isa = PBXBuildFile; fileRef = FFF4857329AD828F0030EDBB /* ViewController.swift */; };
		FFF4857729AD828F0030EDBB /* Main.storyboard in Resources */ = {isa = PBXBuildFile; fileRef = FFF4857529AD828F0030EDBB /* Main.storyboard */; };
		FFF4857929AD82920030EDBB /* Assets.xcassets in Resources */ = {isa = PBXBuildFile; fileRef = FFF4857829AD82920030EDBB /* Assets.xcassets */; };
		FFF4857C29AD82920030EDBB /* LaunchScreen.storyboard in Resources */ = {isa = PBXBuildFile; fileRef = FFF4857A29AD82920030EDBB /* LaunchScreen.storyboard */; };
/* End PBXBuildFile section */

/* Begin PBXFileReference section */
		412973482BC6FA88007277A3 /* GoogleService-Info.plist */ = {isa = PBXFileReference; fileEncoding = 4; lastKnownFileType = text.plist.xml; path = "GoogleService-Info.plist"; sourceTree = "<group>"; };
		FF90D2BC29BD537A0078B694 /* SceneDelegate.swift */ = {isa = PBXFileReference; fileEncoding = 4; lastKnownFileType = sourcecode.swift; path = SceneDelegate.swift; sourceTree = "<group>"; };
		FFF4856C29AD828F0030EDBB /* 3DFR True Depth.app */ = {isa = PBXFileReference; explicitFileType = wrapper.application; includeInIndex = 0; path = "3DFR True Depth.app"; sourceTree = BUILT_PRODUCTS_DIR; };
		FFF4856F29AD828F0030EDBB /* AppDelegate.swift */ = {isa = PBXFileReference; lastKnownFileType = sourcecode.swift; path = AppDelegate.swift; sourceTree = "<group>"; };
		FFF4857329AD828F0030EDBB /* ViewController.swift */ = {isa = PBXFileReference; lastKnownFileType = sourcecode.swift; path = ViewController.swift; sourceTree = "<group>"; };
		FFF4857629AD828F0030EDBB /* Base */ = {isa = PBXFileReference; lastKnownFileType = file.storyboard; name = Base; path = Base.lproj/Main.storyboard; sourceTree = "<group>"; };
		FFF4857829AD82920030EDBB /* Assets.xcassets */ = {isa = PBXFileReference; lastKnownFileType = folder.assetcatalog; path = Assets.xcassets; sourceTree = "<group>"; };
		FFF4857B29AD82920030EDBB /* Base */ = {isa = PBXFileReference; lastKnownFileType = file.storyboard; name = Base; path = Base.lproj/LaunchScreen.storyboard; sourceTree = "<group>"; };
		FFF4857D29AD82920030EDBB /* Info.plist */ = {isa = PBXFileReference; lastKnownFileType = text.plist.xml; path = Info.plist; sourceTree = "<group>"; };
/* End PBXFileReference section */

/* Begin PBXFrameworksBuildPhase section */
		FFF4856929AD828F0030EDBB /* Frameworks */ = {
			isa = PBXFrameworksBuildPhase;
			buildActionMask = 2147483647;
			files = (
				41B0071D2B74F3B4007B84BC /* FirebaseDatabase in Frameworks */,
				41B0072B2B74F3B4007B84BC /* FirebaseFunctionsCombine-Community in Frameworks */,
				41B007232B74F3B4007B84BC /* FirebaseFirestore in Frameworks */,
				41B0070F2B74F3B4007B84BC /* FirebaseAnalyticsSwift in Frameworks */,
				41B0070B2B74F3B4007B84BC /* FirebaseAnalytics in Frameworks */,
				41B0070D2B74F3B4007B84BC /* FirebaseAnalyticsOnDeviceConversion in Frameworks */,
				41B007332B74F3B4007B84BC /* FirebaseMLModelDownloader in Frameworks */,
				41B007272B74F3B4007B84BC /* FirebaseFirestoreSwift in Frameworks */,
				41B007132B74F3B4007B84BC /* FirebaseAppCheck in Frameworks */,
				41B007112B74F3B4007B84BC /* FirebaseAnalyticsWithoutAdIdSupport in Frameworks */,
				41B007172B74F3B4007B84BC /* FirebaseAuth in Frameworks */,
				41B0071B2B74F3B4007B84BC /* FirebaseCrashlytics in Frameworks */,
				41B0073B2B74F3B4007B84BC /* FirebaseRemoteConfigSwift in Frameworks */,
				41B0072D2B74F3B4007B84BC /* FirebaseInAppMessaging-Beta in Frameworks */,
				41E363AD2BFE6FA80008DD5F /* Zip in Frameworks */,
				41B0071F2B74F3B4007B84BC /* FirebaseDatabaseSwift in Frameworks */,
				41B007292B74F3B4007B84BC /* FirebaseFunctions in Frameworks */,
				41B0073F2B74F3B4007B84BC /* FirebaseStorageCombine-Community in Frameworks */,
				41B007392B74F3B4007B84BC /* FirebaseRemoteConfig in Frameworks */,
				41B007152B74F3B4007B84BC /* FirebaseAppDistribution-Beta in Frameworks */,
				41B007192B74F3B4007B84BC /* FirebaseAuthCombine-Community in Frameworks */,
				41B007372B74F3B4007B84BC /* FirebasePerformance in Frameworks */,
				41B0072F2B74F3B4007B84BC /* FirebaseInAppMessagingSwift-Beta in Frameworks */,
				41B0073D2B74F3B4007B84BC /* FirebaseStorage in Frameworks */,
				41B007212B74F3B4007B84BC /* FirebaseDynamicLinks in Frameworks */,
				41B007252B74F3B4007B84BC /* FirebaseFirestoreCombine-Community in Frameworks */,
				41B007352B74F3B4007B84BC /* FirebaseMessaging in Frameworks */,
				41B007312B74F3B4007B84BC /* FirebaseInstallations in Frameworks */,
			);
			runOnlyForDeploymentPostprocessing = 0;
		};
/* End PBXFrameworksBuildPhase section */

/* Begin PBXGroup section */
		FFF4856329AD828F0030EDBB = {
			isa = PBXGroup;
			children = (
				FFF4856E29AD828F0030EDBB /* 3DFR True Depth */,
				FFF4856D29AD828F0030EDBB /* Products */,
			);
			sourceTree = "<group>";
		};
		FFF4856D29AD828F0030EDBB /* Products */ = {
			isa = PBXGroup;
			children = (
				FFF4856C29AD828F0030EDBB /* 3DFR True Depth.app */,
			);
			name = Products;
			sourceTree = "<group>";
		};
		FFF4856E29AD828F0030EDBB /* 3DFR True Depth */ = {
			isa = PBXGroup;
			children = (
				412973482BC6FA88007277A3 /* GoogleService-Info.plist */,
				FFF4856F29AD828F0030EDBB /* AppDelegate.swift */,
				FFF4857329AD828F0030EDBB /* ViewController.swift */,
				FFF4857529AD828F0030EDBB /* Main.storyboard */,
				FFF4857829AD82920030EDBB /* Assets.xcassets */,
				FFF4857A29AD82920030EDBB /* LaunchScreen.storyboard */,
				FFF4857D29AD82920030EDBB /* Info.plist */,
				FF90D2BC29BD537A0078B694 /* SceneDelegate.swift */,
			);
			path = "3DFR True Depth";
			sourceTree = "<group>";
		};
/* End PBXGroup section */

/* Begin PBXNativeTarget section */
		FFF4856B29AD828F0030EDBB /* 3DFR True Depth */ = {
			isa = PBXNativeTarget;
			buildConfigurationList = FFF4858029AD82920030EDBB /* Build configuration list for PBXNativeTarget "3DFR True Depth" */;
			buildPhases = (
				FFF4856829AD828F0030EDBB /* Sources */,
				FFF4856929AD828F0030EDBB /* Frameworks */,
				FFF4856A29AD828F0030EDBB /* Resources */,
			);
			buildRules = (
			);
			dependencies = (
			);
			name = "3DFR True Depth";
			packageProductDependencies = (
				41B0070A2B74F3B4007B84BC /* FirebaseAnalytics */,
				41B0070C2B74F3B4007B84BC /* FirebaseAnalyticsOnDeviceConversion */,
				41B0070E2B74F3B4007B84BC /* FirebaseAnalyticsSwift */,
				41B007102B74F3B4007B84BC /* FirebaseAnalyticsWithoutAdIdSupport */,
				41B007122B74F3B4007B84BC /* FirebaseAppCheck */,
				41B007142B74F3B4007B84BC /* FirebaseAppDistribution-Beta */,
				41B007162B74F3B4007B84BC /* FirebaseAuth */,
				41B007182B74F3B4007B84BC /* FirebaseAuthCombine-Community */,
				41B0071A2B74F3B4007B84BC /* FirebaseCrashlytics */,
				41B0071C2B74F3B4007B84BC /* FirebaseDatabase */,
				41B0071E2B74F3B4007B84BC /* FirebaseDatabaseSwift */,
				41B007202B74F3B4007B84BC /* FirebaseDynamicLinks */,
				41B007222B74F3B4007B84BC /* FirebaseFirestore */,
				41B007242B74F3B4007B84BC /* FirebaseFirestoreCombine-Community */,
				41B007262B74F3B4007B84BC /* FirebaseFirestoreSwift */,
				41B007282B74F3B4007B84BC /* FirebaseFunctions */,
				41B0072A2B74F3B4007B84BC /* FirebaseFunctionsCombine-Community */,
				41B0072C2B74F3B4007B84BC /* FirebaseInAppMessaging-Beta */,
				41B0072E2B74F3B4007B84BC /* FirebaseInAppMessagingSwift-Beta */,
				41B007302B74F3B4007B84BC /* FirebaseInstallations */,
				41B007322B74F3B4007B84BC /* FirebaseMLModelDownloader */,
				41B007342B74F3B4007B84BC /* FirebaseMessaging */,
				41B007362B74F3B4007B84BC /* FirebasePerformance */,
				41B007382B74F3B4007B84BC /* FirebaseRemoteConfig */,
				41B0073A2B74F3B4007B84BC /* FirebaseRemoteConfigSwift */,
				41B0073C2B74F3B4007B84BC /* FirebaseStorage */,
				41B0073E2B74F3B4007B84BC /* FirebaseStorageCombine-Community */,
				41E363AC2BFE6FA80008DD5F /* Zip */,
			);
			productName = "3DFR True Depth";
			productReference = FFF4856C29AD828F0030EDBB /* 3DFR True Depth.app */;
			productType = "com.apple.product-type.application";
		};
/* End PBXNativeTarget section */

/* Begin PBXProject section */
		FFF4856429AD828F0030EDBB /* Project object */ = {
			isa = PBXProject;
			attributes = {
				BuildIndependentTargetsInParallel = 1;
				LastSwiftUpdateCheck = 1420;
				LastUpgradeCheck = 1420;
				TargetAttributes = {
					FFF4856B29AD828F0030EDBB = {
						CreatedOnToolsVersion = 14.2;
					};
				};
			};
			buildConfigurationList = FFF4856729AD828F0030EDBB /* Build configuration list for PBXProject "3DFR True Depth" */;
			compatibilityVersion = "Xcode 14.0";
			developmentRegion = en;
			hasScannedForEncodings = 0;
			knownRegions = (
				en,
				Base,
			);
			mainGroup = FFF4856329AD828F0030EDBB;
			packageReferences = (
				41B007092B74F3B4007B84BC /* XCRemoteSwiftPackageReference "firebase-ios-sdk" */,
				41E363AB2BFE6FA80008DD5F /* XCRemoteSwiftPackageReference "Zip" */,
			);
			productRefGroup = FFF4856D29AD828F0030EDBB /* Products */;
			projectDirPath = "";
			projectRoot = "";
			targets = (
				FFF4856B29AD828F0030EDBB /* 3DFR True Depth */,
			);
		};
/* End PBXProject section */

/* Begin PBXResourcesBuildPhase section */
		FFF4856A29AD828F0030EDBB /* Resources */ = {
			isa = PBXResourcesBuildPhase;
			buildActionMask = 2147483647;
			files = (
				FFF4857C29AD82920030EDBB /* LaunchScreen.storyboard in Resources */,
				412973492BC6FA88007277A3 /* GoogleService-Info.plist in Resources */,
				FFF4857929AD82920030EDBB /* Assets.xcassets in Resources */,
				FFF4857729AD828F0030EDBB /* Main.storyboard in Resources */,
			);
			runOnlyForDeploymentPostprocessing = 0;
		};
/* End PBXResourcesBuildPhase section */

/* Begin PBXSourcesBuildPhase section */
		FFF4856829AD828F0030EDBB /* Sources */ = {
			isa = PBXSourcesBuildPhase;
			buildActionMask = 2147483647;
			files = (
				FFF4857429AD828F0030EDBB /* ViewController.swift in Sources */,
				FFF4857029AD828F0030EDBB /* AppDelegate.swift in Sources */,
				FF90D2BD29BD537A0078B694 /* SceneDelegate.swift in Sources */,
			);
			runOnlyForDeploymentPostprocessing = 0;
		};
/* End PBXSourcesBuildPhase section */

/* Begin PBXVariantGroup section */
		FFF4857529AD828F0030EDBB /* Main.storyboard */ = {
			isa = PBXVariantGroup;
			children = (
				FFF4857629AD828F0030EDBB /* Base */,
			);
			name = Main.storyboard;
			sourceTree = "<group>";
		};
		FFF4857A29AD82920030EDBB /* LaunchScreen.storyboard */ = {
			isa = PBXVariantGroup;
			children = (
				FFF4857B29AD82920030EDBB /* Base */,
			);
			name = LaunchScreen.storyboard;
			sourceTree = "<group>";
		};
/* End PBXVariantGroup section */

/* Begin XCBuildConfiguration section */
		FFF4857E29AD82920030EDBB /* Debug */ = {
			isa = XCBuildConfiguration;
			buildSettings = {
				ALWAYS_SEARCH_USER_PATHS = NO;
				CLANG_ANALYZER_NONNULL = YES;
				CLANG_ANALYZER_NUMBER_OBJECT_CONVERSION = YES_AGGRESSIVE;
				CLANG_CXX_LANGUAGE_STANDARD = "gnu++20";
				CLANG_ENABLE_MODULES = YES;
				CLANG_ENABLE_OBJC_ARC = YES;
				CLANG_ENABLE_OBJC_WEAK = YES;
				CLANG_WARN_BLOCK_CAPTURE_AUTORELEASING = YES;
				CLANG_WARN_BOOL_CONVERSION = YES;
				CLANG_WARN_COMMA = YES;
				CLANG_WARN_CONSTANT_CONVERSION = YES;
				CLANG_WARN_DEPRECATED_OBJC_IMPLEMENTATIONS = YES;
				CLANG_WARN_DIRECT_OBJC_ISA_USAGE = YES_ERROR;
				CLANG_WARN_DOCUMENTATION_COMMENTS = YES;
				CLANG_WARN_EMPTY_BODY = YES;
				CLANG_WARN_ENUM_CONVERSION = YES;
				CLANG_WARN_INFINITE_RECURSION = YES;
				CLANG_WARN_INT_CONVERSION = YES;
				CLANG_WARN_NON_LITERAL_NULL_CONVERSION = YES;
				CLANG_WARN_OBJC_IMPLICIT_RETAIN_SELF = YES;
				CLANG_WARN_OBJC_LITERAL_CONVERSION = YES;
				CLANG_WARN_OBJC_ROOT_CLASS = YES_ERROR;
				CLANG_WARN_QUOTED_INCLUDE_IN_FRAMEWORK_HEADER = YES;
				CLANG_WARN_RANGE_LOOP_ANALYSIS = YES;
				CLANG_WARN_STRICT_PROTOTYPES = YES;
				CLANG_WARN_SUSPICIOUS_MOVE = YES;
				CLANG_WARN_UNGUARDED_AVAILABILITY = YES_AGGRESSIVE;
				CLANG_WARN_UNREACHABLE_CODE = YES;
				CLANG_WARN__DUPLICATE_METHOD_MATCH = YES;
				COPY_PHASE_STRIP = NO;
				DEBUG_INFORMATION_FORMAT = dwarf;
				ENABLE_STRICT_OBJC_MSGSEND = YES;
				ENABLE_TESTABILITY = YES;
				GCC_C_LANGUAGE_STANDARD = gnu11;
				GCC_DYNAMIC_NO_PIC = NO;
				GCC_NO_COMMON_BLOCKS = YES;
				GCC_OPTIMIZATION_LEVEL = 0;
				GCC_PREPROCESSOR_DEFINITIONS = (
					"DEBUG=1",
					"$(inherited)",
				);
				GCC_WARN_64_TO_32_BIT_CONVERSION = YES;
				GCC_WARN_ABOUT_RETURN_TYPE = YES_ERROR;
				GCC_WARN_UNDECLARED_SELECTOR = YES;
				GCC_WARN_UNINITIALIZED_AUTOS = YES_AGGRESSIVE;
				GCC_WARN_UNUSED_FUNCTION = YES;
				GCC_WARN_UNUSED_VARIABLE = YES;
				IPHONEOS_DEPLOYMENT_TARGET = 12.2;
				MTL_ENABLE_DEBUG_INFO = INCLUDE_SOURCE;
				MTL_FAST_MATH = YES;
				ONLY_ACTIVE_ARCH = YES;
				SDKROOT = iphoneos;
				SWIFT_ACTIVE_COMPILATION_CONDITIONS = DEBUG;
				SWIFT_OPTIMIZATION_LEVEL = "-Onone";
			};
			name = Debug;
		};
		FFF4857F29AD82920030EDBB /* Release */ = {
			isa = XCBuildConfiguration;
			buildSettings = {
				ALWAYS_SEARCH_USER_PATHS = NO;
				CLANG_ANALYZER_NONNULL = YES;
				CLANG_ANALYZER_NUMBER_OBJECT_CONVERSION = YES_AGGRESSIVE;
				CLANG_CXX_LANGUAGE_STANDARD = "gnu++20";
				CLANG_ENABLE_MODULES = YES;
				CLANG_ENABLE_OBJC_ARC = YES;
				CLANG_ENABLE_OBJC_WEAK = YES;
				CLANG_WARN_BLOCK_CAPTURE_AUTORELEASING = YES;
				CLANG_WARN_BOOL_CONVERSION = YES;
				CLANG_WARN_COMMA = YES;
				CLANG_WARN_CONSTANT_CONVERSION = YES;
				CLANG_WARN_DEPRECATED_OBJC_IMPLEMENTATIONS = YES;
				CLANG_WARN_DIRECT_OBJC_ISA_USAGE = YES_ERROR;
				CLANG_WARN_DOCUMENTATION_COMMENTS = YES;
				CLANG_WARN_EMPTY_BODY = YES;
				CLANG_WARN_ENUM_CONVERSION = YES;
				CLANG_WARN_INFINITE_RECURSION = YES;
				CLANG_WARN_INT_CONVERSION = YES;
				CLANG_WARN_NON_LITERAL_NULL_CONVERSION = YES;
				CLANG_WARN_OBJC_IMPLICIT_RETAIN_SELF = YES;
				CLANG_WARN_OBJC_LITERAL_CONVERSION = YES;
				CLANG_WARN_OBJC_ROOT_CLASS = YES_ERROR;
				CLANG_WARN_QUOTED_INCLUDE_IN_FRAMEWORK_HEADER = YES;
				CLANG_WARN_RANGE_LOOP_ANALYSIS = YES;
				CLANG_WARN_STRICT_PROTOTYPES = YES;
				CLANG_WARN_SUSPICIOUS_MOVE = YES;
				CLANG_WARN_UNGUARDED_AVAILABILITY = YES_AGGRESSIVE;
				CLANG_WARN_UNREACHABLE_CODE = YES;
				CLANG_WARN__DUPLICATE_METHOD_MATCH = YES;
				COPY_PHASE_STRIP = NO;
				DEBUG_INFORMATION_FORMAT = "dwarf-with-dsym";
				ENABLE_NS_ASSERTIONS = NO;
				ENABLE_STRICT_OBJC_MSGSEND = YES;
				GCC_C_LANGUAGE_STANDARD = gnu11;
				GCC_NO_COMMON_BLOCKS = YES;
				GCC_WARN_64_TO_32_BIT_CONVERSION = YES;
				GCC_WARN_ABOUT_RETURN_TYPE = YES_ERROR;
				GCC_WARN_UNDECLARED_SELECTOR = YES;
				GCC_WARN_UNINITIALIZED_AUTOS = YES_AGGRESSIVE;
				GCC_WARN_UNUSED_FUNCTION = YES;
				GCC_WARN_UNUSED_VARIABLE = YES;
				IPHONEOS_DEPLOYMENT_TARGET = 12.2;
				MTL_ENABLE_DEBUG_INFO = NO;
				MTL_FAST_MATH = YES;
				SDKROOT = iphoneos;
				SWIFT_COMPILATION_MODE = wholemodule;
				SWIFT_OPTIMIZATION_LEVEL = "-O";
				VALIDATE_PRODUCT = YES;
			};
			name = Release;
		};
		FFF4858129AD82920030EDBB /* Debug */ = {
			isa = XCBuildConfiguration;
			buildSettings = {
				ASSETCATALOG_COMPILER_APPICON_NAME = AppIcon;
				ASSETCATALOG_COMPILER_GLOBAL_ACCENT_COLOR_NAME = AccentColor;
				CODE_SIGN_IDENTITY = "Apple Development";
				CODE_SIGN_STYLE = Automatic;
				CURRENT_PROJECT_VERSION = 1;
				DEVELOPMENT_TEAM = 76X7DPK3NK;
				GENERATE_INFOPLIST_FILE = YES;
				INFOPLIST_FILE = "3DFR True Depth/Info.plist";
				INFOPLIST_KEY_NSCameraUsageDescription = "Using camera";
				INFOPLIST_KEY_NSPhotoLibraryAddUsageDescription = "access photo library to store photo";
				INFOPLIST_KEY_UIApplicationSupportsIndirectInputEvents = YES;
				INFOPLIST_KEY_UILaunchStoryboardName = LaunchScreen;
				INFOPLIST_KEY_UIMainStoryboardFile = Main;
				INFOPLIST_KEY_UISupportedInterfaceOrientations_iPad = "UIInterfaceOrientationPortrait UIInterfaceOrientationPortraitUpsideDown UIInterfaceOrientationLandscapeLeft UIInterfaceOrientationLandscapeRight";
				INFOPLIST_KEY_UISupportedInterfaceOrientations_iPhone = "UIInterfaceOrientationPortrait UIInterfaceOrientationLandscapeLeft UIInterfaceOrientationLandscapeRight";
				IPHONEOS_DEPLOYMENT_TARGET = 12.2;
				LD_RUNPATH_SEARCH_PATHS = (
					"$(inherited)",
					"@executable_path/Frameworks",
				);
				MARKETING_VERSION = 1.0;
				PRODUCT_BUNDLE_IDENTIFIER = "kesavvvvv-3dfr";
				PRODUCT_NAME = "$(TARGET_NAME)";
				PROVISIONING_PROFILE_SPECIFIER = "";
				SWIFT_EMIT_LOC_STRINGS = YES;
				SWIFT_VERSION = 5.0;
				TARGETED_DEVICE_FAMILY = "1,2";
			};
			name = Debug;
		};
		FFF4858229AD82920030EDBB /* Release */ = {
			isa = XCBuildConfiguration;
			buildSettings = {
				ASSETCATALOG_COMPILER_APPICON_NAME = AppIcon;
				ASSETCATALOG_COMPILER_GLOBAL_ACCENT_COLOR_NAME = AccentColor;
				CODE_SIGN_IDENTITY = "Apple Development";
				CODE_SIGN_STYLE = Automatic;
				CURRENT_PROJECT_VERSION = 1;
				DEVELOPMENT_TEAM = 76X7DPK3NK;
				GENERATE_INFOPLIST_FILE = YES;
				INFOPLIST_FILE = "3DFR True Depth/Info.plist";
				INFOPLIST_KEY_NSCameraUsageDescription = "Using camera";
				INFOPLIST_KEY_NSPhotoLibraryAddUsageDescription = "access photo library to store photo";
				INFOPLIST_KEY_UIApplicationSupportsIndirectInputEvents = YES;
				INFOPLIST_KEY_UILaunchStoryboardName = LaunchScreen;
				INFOPLIST_KEY_UIMainStoryboardFile = Main;
				INFOPLIST_KEY_UISupportedInterfaceOrientations_iPad = "UIInterfaceOrientationPortrait UIInterfaceOrientationPortraitUpsideDown UIInterfaceOrientationLandscapeLeft UIInterfaceOrientationLandscapeRight";
				INFOPLIST_KEY_UISupportedInterfaceOrientations_iPhone = "UIInterfaceOrientationPortrait UIInterfaceOrientationLandscapeLeft UIInterfaceOrientationLandscapeRight";
				IPHONEOS_DEPLOYMENT_TARGET = 12.2;
				LD_RUNPATH_SEARCH_PATHS = (
					"$(inherited)",
					"@executable_path/Frameworks",
				);
				MARKETING_VERSION = 1.0;
				PRODUCT_BUNDLE_IDENTIFIER = "kesavvvvv-3dfr";
				PRODUCT_NAME = "$(TARGET_NAME)";
				PROVISIONING_PROFILE_SPECIFIER = "";
				SWIFT_EMIT_LOC_STRINGS = YES;
				SWIFT_VERSION = 5.0;
				TARGETED_DEVICE_FAMILY = "1,2";
			};
			name = Release;
		};
/* End XCBuildConfiguration section */

/* Begin XCConfigurationList section */
		FFF4856729AD828F0030EDBB /* Build configuration list for PBXProject "3DFR True Depth" */ = {
			isa = XCConfigurationList;
			buildConfigurations = (
				FFF4857E29AD82920030EDBB /* Debug */,
				FFF4857F29AD82920030EDBB /* Release */,
			);
			defaultConfigurationIsVisible = 0;
			defaultConfigurationName = Release;
		};
		FFF4858029AD82920030EDBB /* Build configuration list for PBXNativeTarget "3DFR True Depth" */ = {
			isa = XCConfigurationList;
			buildConfigurations = (
				FFF4858129AD82920030EDBB /* Debug */,
				FFF4858229AD82920030EDBB /* Release */,
			);
			defaultConfigurationIsVisible = 0;
			defaultConfigurationName = Release;
		};
/* End XCConfigurationList section */

/* Begin XCRemoteSwiftPackageReference section */
		41B007092B74F3B4007B84BC /* XCRemoteSwiftPackageReference "firebase-ios-sdk" */ = {
			isa = XCRemoteSwiftPackageReference;
			repositoryURL = "https://github.com/firebase/firebase-ios-sdk";
			requirement = {
				kind = upToNextMajorVersion;
				minimumVersion = 10.21.0;
			};
		};
		41E363AB2BFE6FA80008DD5F /* XCRemoteSwiftPackageReference "Zip" */ = {
			isa = XCRemoteSwiftPackageReference;
			repositoryURL = "https://github.com/marmelroy/Zip.git";
			requirement = {
				kind = upToNextMajorVersion;
				minimumVersion = 2.1.2;
			};
		};
/* End XCRemoteSwiftPackageReference section */

/* Begin XCSwiftPackageProductDependency section */
		41B0070A2B74F3B4007B84BC /* FirebaseAnalytics */ = {
			isa = XCSwiftPackageProductDependency;
			package = 41B007092B74F3B4007B84BC /* XCRemoteSwiftPackageReference "firebase-ios-sdk" */;
			productName = FirebaseAnalytics;
		};
		41B0070C2B74F3B4007B84BC /* FirebaseAnalyticsOnDeviceConversion */ = {
			isa = XCSwiftPackageProductDependency;
			package = 41B007092B74F3B4007B84BC /* XCRemoteSwiftPackageReference "firebase-ios-sdk" */;
			productName = FirebaseAnalyticsOnDeviceConversion;
		};
		41B0070E2B74F3B4007B84BC /* FirebaseAnalyticsSwift */ = {
			isa = XCSwiftPackageProductDependency;
			package = 41B007092B74F3B4007B84BC /* XCRemoteSwiftPackageReference "firebase-ios-sdk" */;
			productName = FirebaseAnalyticsSwift;
		};
		41B007102B74F3B4007B84BC /* FirebaseAnalyticsWithoutAdIdSupport */ = {
			isa = XCSwiftPackageProductDependency;
			package = 41B007092B74F3B4007B84BC /* XCRemoteSwiftPackageReference "firebase-ios-sdk" */;
			productName = FirebaseAnalyticsWithoutAdIdSupport;
		};
		41B007122B74F3B4007B84BC /* FirebaseAppCheck */ = {
			isa = XCSwiftPackageProductDependency;
			package = 41B007092B74F3B4007B84BC /* XCRemoteSwiftPackageReference "firebase-ios-sdk" */;
			productName = FirebaseAppCheck;
		};
		41B007142B74F3B4007B84BC /* FirebaseAppDistribution-Beta */ = {
			isa = XCSwiftPackageProductDependency;
			package = 41B007092B74F3B4007B84BC /* XCRemoteSwiftPackageReference "firebase-ios-sdk" */;
			productName = "FirebaseAppDistribution-Beta";
		};
		41B007162B74F3B4007B84BC /* FirebaseAuth */ = {
			isa = XCSwiftPackageProductDependency;
			package = 41B007092B74F3B4007B84BC /* XCRemoteSwiftPackageReference "firebase-ios-sdk" */;
			productName = FirebaseAuth;
		};
		41B007182B74F3B4007B84BC /* FirebaseAuthCombine-Community */ = {
			isa = XCSwiftPackageProductDependency;
			package = 41B007092B74F3B4007B84BC /* XCRemoteSwiftPackageReference "firebase-ios-sdk" */;
			productName = "FirebaseAuthCombine-Community";
		};
		41B0071A2B74F3B4007B84BC /* FirebaseCrashlytics */ = {
			isa = XCSwiftPackageProductDependency;
			package = 41B007092B74F3B4007B84BC /* XCRemoteSwiftPackageReference "firebase-ios-sdk" */;
			productName = FirebaseCrashlytics;
		};
		41B0071C2B74F3B4007B84BC /* FirebaseDatabase */ = {
			isa = XCSwiftPackageProductDependency;
			package = 41B007092B74F3B4007B84BC /* XCRemoteSwiftPackageReference "firebase-ios-sdk" */;
			productName = FirebaseDatabase;
		};
		41B0071E2B74F3B4007B84BC /* FirebaseDatabaseSwift */ = {
			isa = XCSwiftPackageProductDependency;
			package = 41B007092B74F3B4007B84BC /* XCRemoteSwiftPackageReference "firebase-ios-sdk" */;
			productName = FirebaseDatabaseSwift;
		};
		41B007202B74F3B4007B84BC /* FirebaseDynamicLinks */ = {
			isa = XCSwiftPackageProductDependency;
			package = 41B007092B74F3B4007B84BC /* XCRemoteSwiftPackageReference "firebase-ios-sdk" */;
			productName = FirebaseDynamicLinks;
		};
		41B007222B74F3B4007B84BC /* FirebaseFirestore */ = {
			isa = XCSwiftPackageProductDependency;
			package = 41B007092B74F3B4007B84BC /* XCRemoteSwiftPackageReference "firebase-ios-sdk" */;
			productName = FirebaseFirestore;
		};
		41B007242B74F3B4007B84BC /* FirebaseFirestoreCombine-Community */ = {
			isa = XCSwiftPackageProductDependency;
			package = 41B007092B74F3B4007B84BC /* XCRemoteSwiftPackageReference "firebase-ios-sdk" */;
			productName = "FirebaseFirestoreCombine-Community";
		};
		41B007262B74F3B4007B84BC /* FirebaseFirestoreSwift */ = {
			isa = XCSwiftPackageProductDependency;
			package = 41B007092B74F3B4007B84BC /* XCRemoteSwiftPackageReference "firebase-ios-sdk" */;
			productName = FirebaseFirestoreSwift;
		};
		41B007282B74F3B4007B84BC /* FirebaseFunctions */ = {
			isa = XCSwiftPackageProductDependency;
			package = 41B007092B74F3B4007B84BC /* XCRemoteSwiftPackageReference "firebase-ios-sdk" */;
			productName = FirebaseFunctions;
		};
		41B0072A2B74F3B4007B84BC /* FirebaseFunctionsCombine-Community */ = {
			isa = XCSwiftPackageProductDependency;
			package = 41B007092B74F3B4007B84BC /* XCRemoteSwiftPackageReference "firebase-ios-sdk" */;
			productName = "FirebaseFunctionsCombine-Community";
		};
		41B0072C2B74F3B4007B84BC /* FirebaseInAppMessaging-Beta */ = {
			isa = XCSwiftPackageProductDependency;
			package = 41B007092B74F3B4007B84BC /* XCRemoteSwiftPackageReference "firebase-ios-sdk" */;
			productName = "FirebaseInAppMessaging-Beta";
		};
		41B0072E2B74F3B4007B84BC /* FirebaseInAppMessagingSwift-Beta */ = {
			isa = XCSwiftPackageProductDependency;
			package = 41B007092B74F3B4007B84BC /* XCRemoteSwiftPackageReference "firebase-ios-sdk" */;
			productName = "FirebaseInAppMessagingSwift-Beta";
		};
		41B007302B74F3B4007B84BC /* FirebaseInstallations */ = {
			isa = XCSwiftPackageProductDependency;
			package = 41B007092B74F3B4007B84BC /* XCRemoteSwiftPackageReference "firebase-ios-sdk" */;
			productName = FirebaseInstallations;
		};
		41B007322B74F3B4007B84BC /* FirebaseMLModelDownloader */ = {
			isa = XCSwiftPackageProductDependency;
			package = 41B007092B74F3B4007B84BC /* XCRemoteSwiftPackageReference "firebase-ios-sdk" */;
			productName = FirebaseMLModelDownloader;
		};
		41B007342B74F3B4007B84BC /* FirebaseMessaging */ = {
			isa = XCSwiftPackageProductDependency;
			package = 41B007092B74F3B4007B84BC /* XCRemoteSwiftPackageReference "firebase-ios-sdk" */;
			productName = FirebaseMessaging;
		};
		41B007362B74F3B4007B84BC /* FirebasePerformance */ = {
			isa = XCSwiftPackageProductDependency;
			package = 41B007092B74F3B4007B84BC /* XCRemoteSwiftPackageReference "firebase-ios-sdk" */;
			productName = FirebasePerformance;
		};
		41B007382B74F3B4007B84BC /* FirebaseRemoteConfig */ = {
			isa = XCSwiftPackageProductDependency;
			package = 41B007092B74F3B4007B84BC /* XCRemoteSwiftPackageReference "firebase-ios-sdk" */;
			productName = FirebaseRemoteConfig;
		};
		41B0073A2B74F3B4007B84BC /* FirebaseRemoteConfigSwift */ = {
			isa = XCSwiftPackageProductDependency;
			package = 41B007092B74F3B4007B84BC /* XCRemoteSwiftPackageReference "firebase-ios-sdk" */;
			productName = FirebaseRemoteConfigSwift;
		};
		41B0073C2B74F3B4007B84BC /* FirebaseStorage */ = {
			isa = XCSwiftPackageProductDependency;
			package = 41B007092B74F3B4007B84BC /* XCRemoteSwiftPackageReference "firebase-ios-sdk" */;
			productName = FirebaseStorage;
		};
		41B0073E2B74F3B4007B84BC /* FirebaseStorageCombine-Community */ = {
			isa = XCSwiftPackageProductDependency;
			package = 41B007092B74F3B4007B84BC /* XCRemoteSwiftPackageReference "firebase-ios-sdk" */;
			productName = "FirebaseStorageCombine-Community";
		};
		41E363AC2BFE6FA80008DD5F /* Zip */ = {
			isa = XCSwiftPackageProductDependency;
			package = 41E363AB2BFE6FA80008DD5F /* XCRemoteSwiftPackageReference "Zip" */;
			productName = Zip;
		};
/* End XCSwiftPackageProductDependency section */
	};
	rootObject = FFF4856429AD828F0030EDBB /* Project object */;
}
